{
    "_readme": [
        "This file locks the dependencies of your project to a known state",
        "Read more about it at https://getcomposer.org/doc/01-basic-usage.md#installing-dependencies",
        "This file is @generated automatically"
    ],
    "content-hash": "56fb636b205faaa0186fb78120e4230e",
    "packages": [
        {
            "name": "desarrolla2/cache",
            "version": "v2.1.1",
            "source": {
                "type": "git",
                "url": "https://github.com/desarrolla2/Cache.git",
                "reference": "ebd1f7bfd1be605a9b5fbb0a4b25a948a31fe963"
            },
            "dist": {
                "type": "zip",
                "url": "https://api.github.com/repos/desarrolla2/Cache/zipball/ebd1f7bfd1be605a9b5fbb0a4b25a948a31fe963",
                "reference": "ebd1f7bfd1be605a9b5fbb0a4b25a948a31fe963",
                "shasum": ""
            },
            "require": {
                "php": ">=5.4.0"
            },
            "require-dev": {
                "predis/predis": "~1.0.0"
            },
            "suggest": {
                "predis/predis": "Predis support"
            },
            "type": "library",
            "autoload": {
                "psr-4": {
                    "Desarrolla2\\Cache\\": "src/",
                    "Desarrolla2\\Test\\Cache\\": "test/"
                }
            },
            "notification-url": "https://packagist.org/downloads/",
            "license": [
                "MIT"
            ],
            "authors": [
                {
                    "name": "Daniel González",
                    "homepage": "http://desarrolla2.com/"
                }
            ],
            "description": "Provides an cache interface for several adapters Apc, Apcu, File, Mongo, Memcache, Memcached, Mysql, Mongo, Redis is supported. New adapters is comming!",
            "homepage": "https://github.com/desarrolla2/Cache/",
            "keywords": [
                "apc",
                "apcu",
                "cache",
                "file",
                "memcache",
                "memcached",
                "mongo",
                "mysql",
                "redis"
            ],
            "time": "2017-01-18T12:58:33+00:00"
        },
        {
            "name": "jasny/sso",
            "version": "v0.3.0",
            "source": {
                "type": "git",
                "url": "https://github.com/jasny/sso.git",
                "reference": "0cb18c072e7b14db3d2d2549c051f41ca837e5e9"
            },
            "dist": {
                "type": "zip",
                "url": "https://api.github.com/repos/jasny/sso/zipball/0cb18c072e7b14db3d2d2549c051f41ca837e5e9",
                "reference": "0cb18c072e7b14db3d2d2549c051f41ca837e5e9",
                "shasum": ""
            },
            "require": {
                "desarrolla2/cache": "^2.0.0",
                "jasny/validation-result": "^1.0.0",
                "php": ">=5.5.0"
            },
            "require-dev": {
                "codeception/codeception": "^2.1.0",
                "jasny/php-code-quality": "^1.1.0"
            },
            "type": "library",
            "autoload": {
                "psr-4": {
                    "Jasny\\SSO\\": "src/"
                }
            },
            "notification-url": "https://packagist.org/downloads/",
            "license": [
                "MIT"
            ],
            "authors": [
                {
                    "name": "Arnold Daniels",
                    "email": "arnold@jasny.net",
                    "homepage": "http://www.jasny.net"
                }
            ],
            "description": "Simple Single Sign-On",
            "homepage": "http://www.jasny.net/articles/simple-single-sign-on-for-php/",
            "keywords": [
                "SSO",
                "auth"
            ],
            "time": "2017-02-24T22:44:27+00:00"
        },
        {
            "name": "jasny/validation-result",
            "version": "v1.1.2",
            "source": {
                "type": "git",
                "url": "https://github.com/jasny/validation-result.git",
                "reference": "fbce54837c8414cf5af22981ac33b26eb13b2a51"
            },
            "dist": {
                "type": "zip",
                "url": "https://api.github.com/repos/jasny/validation-result/zipball/fbce54837c8414cf5af22981ac33b26eb13b2a51",
                "reference": "fbce54837c8414cf5af22981ac33b26eb13b2a51",
                "shasum": ""
            },
            "require": {
                "php": ">=5.6.0"
            },
            "require-dev": {
                "jasny/php-code-quality": "^1.2"
            },
            "type": "library",
            "autoload": {
                "psr-4": {
                    "Jasny\\": "src/"
                }
            },
            "notification-url": "https://packagist.org/downloads/",
            "license": [
                "MIT"
            ],
            "authors": [
                {
                    "name": "Arnold Daniels",
                    "email": "arnold@jasny.net",
                    "homepage": "http://www.jasny.net"
                }
            ],
            "description": "A result object for validation",
            "keywords": [
                "validation"
            ],
            "time": "2019-02-12T12:51:58+00:00"
        },
        {
            "name": "nikic/fast-route",
            "version": "v1.3.0",
            "source": {
                "type": "git",
                "url": "https://github.com/nikic/FastRoute.git",
                "reference": "181d480e08d9476e61381e04a71b34dc0432e812"
            },
            "dist": {
                "type": "zip",
                "url": "https://api.github.com/repos/nikic/FastRoute/zipball/181d480e08d9476e61381e04a71b34dc0432e812",
                "reference": "181d480e08d9476e61381e04a71b34dc0432e812",
                "shasum": ""
            },
            "require": {
                "php": ">=5.4.0"
            },
            "require-dev": {
                "phpunit/phpunit": "^4.8.35|~5.7"
            },
            "type": "library",
            "autoload": {
                "psr-4": {
                    "FastRoute\\": "src/"
                },
                "files": [
                    "src/functions.php"
                ]
            },
            "notification-url": "https://packagist.org/downloads/",
            "license": [
                "BSD-3-Clause"
            ],
            "authors": [
                {
                    "name": "Nikita Popov",
                    "email": "nikic@php.net"
                }
            ],
            "description": "Fast request router for PHP",
            "keywords": [
                "router",
                "routing"
            ],
            "time": "2018-02-13T20:26:39+00:00"
        }
    ],
    "packages-dev": [],
    "aliases": [],
    "minimum-stability": "stable",
    "stability-flags": [],
    "prefer-stable": false,
    "prefer-lowest": false,
    "platform": [],
    "platform-dev": []
}
